
Microsoft Visual Studio Solution File, Format Version 12.00
# Visual Studio Version 17
VisualStudioVersion = 17.7.34031.279
MinimumVisualStudioVersion = 10.0.40219.1
Project("{FAE04EC0-301F-11D3-BF4B-00C04F79EFBC}") = "Sube1.CollectionsApp", "Sube1.CollectionsApp\Sube1.CollectionsApp.csproj", "{FBEA3662-9938-4F58-9F5B-661C1109A750}"
EndProject
Global
	GlobalSection(SolutionConfigurationPlatforms) = preSolution
		Debug|Any CPU = Debug|Any CPU
		Release|Any CPU = Release|Any CPU
	EndGlobalSection
	GlobalSection(ProjectConfigurationPlatforms) = postSolution
		{FBEA3662-9938-4F58-9F5B-661C1109A750}.Debug|Any CPU.ActiveCfg = Debug|Any CPU
		{FBEA3662-9938-4F58-9F5B-661C1109A750}.Debug|Any CPU.Build.0 = Debug|Any CPU
		{FBEA3662-9938-4F58-9F5B-661C1109A750}.Release|Any CPU.ActiveCfg = Release|Any CPU
		{FBEA3662-9938-4F58-9F5B-661C1109A750}.Release|Any CPU.Build.0 = Release|Any CPU
	EndGlobalSection
	GlobalSection(SolutionProperties) = preSolution
		HideSolutionNode = FALSE
	EndGlobalSection
	GlobalSection(ExtensibilityGlobals) = postSolution
		SolutionGuid = {A851D6B9-3D23-4581-829C-B069D3EE8909}
	EndGlobalSection
EndGlobal
